
Microsoft Visual Studio Solution File, Format Version 12.00
Project("{FAE04EC0-301F-11D3-BF4B-00C04F79EFBC}") = "CoursePlatform.DomainTest", "..\test\CoursePlatform.DomainTest\CoursePlatform.DomainTest.csproj", "{51E1CF3F-0DAA-46EC-A27A-C77D647B18A3}"
EndProject
Project("{FAE04EC0-301F-11D3-BF4B-00C04F79EFBC}") = "CoursePlatform.Domain", "..\src\CoursePlatform.Domain\CoursePlatform.Domain.csproj", "{799A456D-6C97-45D0-9913-4519C3E2D1A4}"
EndProject
Global
	GlobalSection(SolutionConfigurationPlatforms) = preSolution
		Debug|Any CPU = Debug|Any CPU
		Release|Any CPU = Release|Any CPU
	EndGlobalSection
	GlobalSection(ProjectConfigurationPlatforms) = postSolution
		{51E1CF3F-0DAA-46EC-A27A-C77D647B18A3}.Debug|Any CPU.ActiveCfg = Debug|Any CPU
		{51E1CF3F-0DAA-46EC-A27A-C77D647B18A3}.Debug|Any CPU.Build.0 = Debug|Any CPU
		{51E1CF3F-0DAA-46EC-A27A-C77D647B18A3}.Release|Any CPU.ActiveCfg = Release|Any CPU
		{51E1CF3F-0DAA-46EC-A27A-C77D647B18A3}.Release|Any CPU.Build.0 = Release|Any CPU
		{799A456D-6C97-45D0-9913-4519C3E2D1A4}.Debug|Any CPU.ActiveCfg = Debug|Any CPU
		{799A456D-6C97-45D0-9913-4519C3E2D1A4}.Debug|Any CPU.Build.0 = Debug|Any CPU
		{799A456D-6C97-45D0-9913-4519C3E2D1A4}.Release|Any CPU.ActiveCfg = Release|Any CPU
		{799A456D-6C97-45D0-9913-4519C3E2D1A4}.Release|Any CPU.Build.0 = Release|Any CPU
	EndGlobalSection
EndGlobal
